
Microsoft Visual Studio Solution File, Format Version 12.00
# Visual Studio Version 17
VisualStudioVersion = 17.13.35818.85 d17.13
MinimumVisualStudioVersion = 10.0.40219.1
Project("{FAE04EC0-301F-11D3-BF4B-00C04F79EFBC}") = "TRABALHO DO MARCELO", "TRABALHO DO MARCELO\TRABALHO DO MARCELO.csproj", "{788E0DC6-DD13-44CD-8919-7E207B626D55}"
EndProject
Project("{FAE04EC0-301F-11D3-BF4B-00C04F79EFBC}") = "Trabalho", "Trabalho\Trabalho.csproj", "{0BB52ED5-35E2-407C-A15F-36350F21F5B2}"
EndProject
Global
	GlobalSection(SolutionConfigurationPlatforms) = preSolution
		Debug|Any CPU = Debug|Any CPU
		Release|Any CPU = Release|Any CPU
	EndGlobalSection
	GlobalSection(ProjectConfigurationPlatforms) = postSolution
		{788E0DC6-DD13-44CD-8919-7E207B626D55}.Debug|Any CPU.ActiveCfg = Debug|Any CPU
		{788E0DC6-DD13-44CD-8919-7E207B626D55}.Debug|Any CPU.Build.0 = Debug|Any CPU
		{788E0DC6-DD13-44CD-8919-7E207B626D55}.Release|Any CPU.ActiveCfg = Release|Any CPU
		{788E0DC6-DD13-44CD-8919-7E207B626D55}.Release|Any CPU.Build.0 = Release|Any CPU
		{0BB52ED5-35E2-407C-A15F-36350F21F5B2}.Debug|Any CPU.ActiveCfg = Debug|Any CPU
		{0BB52ED5-35E2-407C-A15F-36350F21F5B2}.Debug|Any CPU.Build.0 = Debug|Any CPU
		{0BB52ED5-35E2-407C-A15F-36350F21F5B2}.Release|Any CPU.ActiveCfg = Release|Any CPU
		{0BB52ED5-35E2-407C-A15F-36350F21F5B2}.Release|Any CPU.Build.0 = Release|Any CPU
	EndGlobalSection
	GlobalSection(SolutionProperties) = preSolution
		HideSolutionNode = FALSE
	EndGlobalSection
	GlobalSection(ExtensibilityGlobals) = postSolution
		SolutionGuid = {40B654C5-B5B6-4FC2-BFEF-DD6AEA266D0F}
	EndGlobalSection
EndGlobal
